// !$*UTF8*$!
{
	archiveVersion = 1;
	classes = {
	};
	objectVersion = 50;
	objects = {

/* Begin PBXBuildFile section */
		81ADB93620C13A71002B0E1F /* FirebaseCore.framework in Frameworks */ = {isa = PBXBuildFile; fileRef = 81ADB93520C13A71002B0E1F /* FirebaseCore.framework */; };
		81ADB93F20C13F97002B0E1F /* FirstViewController.swift in Sources */ = {isa = PBXBuildFile; fileRef = 81ADB93E20C13F97002B0E1F /* FirstViewController.swift */; };
		81ADB94120C145E4002B0E1F /* FirebaseAuth.framework in Frameworks */ = {isa = PBXBuildFile; fileRef = 81ADB94020C145E4002B0E1F /* FirebaseAuth.framework */; };
		A7DABECBE226F2AA0A54CAA0 /* Pods_Pachi.framework in Frameworks */ = {isa = PBXBuildFile; fileRef = E51025E756D547E5BC23DA3B /* Pods_Pachi.framework */; };
		E75CD58021CDD4EA00438BAA /* Tab1.storyboard in Resources */ = {isa = PBXBuildFile; fileRef = E75CD57F21CDD4EA00438BAA /* Tab1.storyboard */; };
		E75CD58221CE726F00438BAA /* TextFieldEffects.framework in Frameworks */ = {isa = PBXBuildFile; fileRef = E75CD58121CE726F00438BAA /* TextFieldEffects.framework */; };
		E787AF0120C01D2C0096796A /* AppDelegate.swift in Sources */ = {isa = PBXBuildFile; fileRef = E787AF0020C01D2C0096796A /* AppDelegate.swift */; };
		E787AF0620C01D2C0096796A /* Main.storyboard in Resources */ = {isa = PBXBuildFile; fileRef = E787AF0420C01D2C0096796A /* Main.storyboard */; };
		E787AF0820C01D2D0096796A /* Assets.xcassets in Resources */ = {isa = PBXBuildFile; fileRef = E787AF0720C01D2D0096796A /* Assets.xcassets */; };
		E787AF1820C021D50096796A /* MapKit.framework in Frameworks */ = {isa = PBXBuildFile; fileRef = E787AF1720C021D50096796A /* MapKit.framework */; };
		E7B22571221BBABE0094A1DB /* TimelineVC.swift in Sources */ = {isa = PBXBuildFile; fileRef = E7B22570221BBABE0094A1DB /* TimelineVC.swift */; };
		E7B22574221BBFD60094A1DB /* Post.swift in Sources */ = {isa = PBXBuildFile; fileRef = E7B22573221BBFD60094A1DB /* Post.swift */; };
		E7B22576221BC02E0094A1DB /* User.swift in Sources */ = {isa = PBXBuildFile; fileRef = E7B22575221BC02E0094A1DB /* User.swift */; };
		E7B22578221BC0590094A1DB /* Differentiator.framework in Frameworks */ = {isa = PBXBuildFile; fileRef = E7B22577221BC0590094A1DB /* Differentiator.framework */; };
		E7B2257A221BC0590094A1DB /* FirebaseFirestore.framework in Frameworks */ = {isa = PBXBuildFile; fileRef = E7B22579221BC0590094A1DB /* FirebaseFirestore.framework */; };
		E7B2257C221BC0590094A1DB /* FirebaseStorage.framework in Frameworks */ = {isa = PBXBuildFile; fileRef = E7B2257B221BC0590094A1DB /* FirebaseStorage.framework */; };
		E7B22582221BC0590094A1DB /* openssl_grpc.framework in Frameworks */ = {isa = PBXBuildFile; fileRef = E7B22581221BC0590094A1DB /* openssl_grpc.framework */; };
		E7B22584221BC0590094A1DB /* Pring.framework in Frameworks */ = {isa = PBXBuildFile; fileRef = E7B22583221BC0590094A1DB /* Pring.framework */; };
		E7B22586221BC0590094A1DB /* Protobuf.framework in Frameworks */ = {isa = PBXBuildFile; fileRef = E7B22585221BC0590094A1DB /* Protobuf.framework */; };
		E7B2258A221BC0590094A1DB /* RxCocoa.framework in Frameworks */ = {isa = PBXBuildFile; fileRef = E7B22589221BC0590094A1DB /* RxCocoa.framework */; };
		E7B2258C221BC0590094A1DB /* RxDataSources.framework in Frameworks */ = {isa = PBXBuildFile; fileRef = E7B2258B221BC0590094A1DB /* RxDataSources.framework */; };
		E7B22590221BC0590094A1DB /* RxSwift.framework in Frameworks */ = {isa = PBXBuildFile; fileRef = E7B2258F221BC0590094A1DB /* RxSwift.framework */; };
		E7B22592221BD4AA0094A1DB /* PostViewCell.swift in Sources */ = {isa = PBXBuildFile; fileRef = E7B22591221BD4AA0094A1DB /* PostViewCell.swift */; };
		E7B22594221BD5140094A1DB /* PostViewCell.xib in Resources */ = {isa = PBXBuildFile; fileRef = E7B22593221BD5140094A1DB /* PostViewCell.xib */; };
		E7B2259E221D14370094A1DB /* SilentScrolly.framework in Frameworks */ = {isa = PBXBuildFile; fileRef = E7B2259D221D14370094A1DB /* SilentScrolly.framework */; };
		E7B225A0221D1BA30094A1DB /* Tab2.storyboard in Resources */ = {isa = PBXBuildFile; fileRef = E7B2259F221D1BA30094A1DB /* Tab2.storyboard */; };
		E7B225A4221D20CF0094A1DB /* TabBarController.swift in Sources */ = {isa = PBXBuildFile; fileRef = E7B225A3221D20CF0094A1DB /* TabBarController.swift */; };
		E7B225A8221D29520094A1DB /* Post.storyboard in Resources */ = {isa = PBXBuildFile; fileRef = E7B225A7221D29520094A1DB /* Post.storyboard */; };
		E7B225AA221D2BA70094A1DB /* MapVC.swift in Sources */ = {isa = PBXBuildFile; fileRef = E7B225A9221D2BA70094A1DB /* MapVC.swift */; };
		E7B225AC221D4C880094A1DB /* UIView_MGBadgeView.framework in Frameworks */ = {isa = PBXBuildFile; fileRef = E7B225AB221D4C880094A1DB /* UIView_MGBadgeView.framework */; };
		E7B225AE221D6B490094A1DB /* CustomAnnotation.swift in Sources */ = {isa = PBXBuildFile; fileRef = E7B225AD221D6B490094A1DB /* CustomAnnotation.swift */; };
		E7B225B0221D81B80094A1DB /* YPImagePicker.framework in Frameworks */ = {isa = PBXBuildFile; fileRef = E7B225AF221D81B80094A1DB /* YPImagePicker.framework */; };
		E7B5E5D021BE628A00E15781 /* GoogleService-Info.plist in Resources */ = {isa = PBXBuildFile; fileRef = E7B5E5CF21BE628A00E15781 /* GoogleService-Info.plist */; };
		E7B5E5E221C7E2BD00E15781 /* GTMSessionFetcher.framework in Frameworks */ = {isa = PBXBuildFile; fileRef = E7B5E5E121C7E2BD00E15781 /* GTMSessionFetcher.framework */; };
		E7B5E5E621C7E2BD00E15781 /* IQKeyboardManagerSwift.framework in Frameworks */ = {isa = PBXBuildFile; fileRef = E7B5E5E521C7E2BD00E15781 /* IQKeyboardManagerSwift.framework */; };
		E7B5E5E821C7E2BD00E15781 /* leveldb.framework in Frameworks */ = {isa = PBXBuildFile; fileRef = E7B5E5E721C7E2BD00E15781 /* leveldb.framework */; };
		E7B5E5EA21C7E2BD00E15781 /* Material.framework in Frameworks */ = {isa = PBXBuildFile; fileRef = E7B5E5E921C7E2BD00E15781 /* Material.framework */; };
		E7B5E5EC21C7E2BD00E15781 /* Motion.framework in Frameworks */ = {isa = PBXBuildFile; fileRef = E7B5E5EB21C7E2BD00E15781 /* Motion.framework */; };
		E7B5E5EE21C7E2BD00E15781 /* nanopb.framework in Frameworks */ = {isa = PBXBuildFile; fileRef = E7B5E5ED21C7E2BD00E15781 /* nanopb.framework */; };
/* End PBXBuildFile section */

/* Begin PBXFileReference section */
		81ADB93520C13A71002B0E1F /* FirebaseCore.framework */ = {isa = PBXFileReference; explicitFileType = wrapper.framework; path = FirebaseCore.framework; sourceTree = BUILT_PRODUCTS_DIR; };
		81ADB93E20C13F97002B0E1F /* FirstViewController.swift */ = {isa = PBXFileReference; lastKnownFileType = sourcecode.swift; path = FirstViewController.swift; sourceTree = "<group>"; };
		81ADB94020C145E4002B0E1F /* FirebaseAuth.framework */ = {isa = PBXFileReference; explicitFileType = wrapper.framework; path = FirebaseAuth.framework; sourceTree = BUILT_PRODUCTS_DIR; };
		81ADB94220C14DE7002B0E1F /* FirebaseDatabase.framework */ = {isa = PBXFileReference; explicitFileType = wrapper.framework; path = FirebaseDatabase.framework; sourceTree = BUILT_PRODUCTS_DIR; };
		8A0984792F9E1AC735AE77BC /* Pods-Pachi.debug.xcconfig */ = {isa = PBXFileReference; includeInIndex = 1; lastKnownFileType = text.xcconfig; name = "Pods-Pachi.debug.xcconfig"; path = "Pods/Target Support Files/Pods-Pachi/Pods-Pachi.debug.xcconfig"; sourceTree = "<group>"; };
		C898F9CC091335E5E9CB7F8A /* Pods-Pachi.release.xcconfig */ = {isa = PBXFileReference; includeInIndex = 1; lastKnownFileType = text.xcconfig; name = "Pods-Pachi.release.xcconfig"; path = "Pods/Target Support Files/Pods-Pachi/Pods-Pachi.release.xcconfig"; sourceTree = "<group>"; };
		E51025E756D547E5BC23DA3B /* Pods_Pachi.framework */ = {isa = PBXFileReference; explicitFileType = wrapper.framework; includeInIndex = 0; path = Pods_Pachi.framework; sourceTree = BUILT_PRODUCTS_DIR; };
		E75CD57F21CDD4EA00438BAA /* Tab1.storyboard */ = {isa = PBXFileReference; lastKnownFileType = file.storyboard; path = Tab1.storyboard; sourceTree = "<group>"; };
		E75CD58121CE726F00438BAA /* TextFieldEffects.framework */ = {isa = PBXFileReference; explicitFileType = wrapper.framework; path = TextFieldEffects.framework; sourceTree = BUILT_PRODUCTS_DIR; };
		E787AEFD20C01D2C0096796A /* Pachi.app */ = {isa = PBXFileReference; explicitFileType = wrapper.application; includeInIndex = 0; path = Pachi.app; sourceTree = BUILT_PRODUCTS_DIR; };
		E787AF0020C01D2C0096796A /* AppDelegate.swift */ = {isa = PBXFileReference; lastKnownFileType = sourcecode.swift; path = AppDelegate.swift; sourceTree = "<group>"; };
		E787AF0520C01D2C0096796A /* Base */ = {isa = PBXFileReference; lastKnownFileType = file.storyboard; name = Base; path = Base.lproj/Main.storyboard; sourceTree = "<group>"; };
		E787AF0720C01D2D0096796A /* Assets.xcassets */ = {isa = PBXFileReference; lastKnownFileType = folder.assetcatalog; path = Assets.xcassets; sourceTree = "<group>"; };
		E787AF0C20C01D2D0096796A /* Info.plist */ = {isa = PBXFileReference; lastKnownFileType = text.plist.xml; path = Info.plist; sourceTree = "<group>"; };
		E787AF1720C021D50096796A /* MapKit.framework */ = {isa = PBXFileReference; lastKnownFileType = wrapper.framework; name = MapKit.framework; path = System/Library/Frameworks/MapKit.framework; sourceTree = SDKROOT; };
		E7B22570221BBABE0094A1DB /* TimelineVC.swift */ = {isa = PBXFileReference; lastKnownFileType = sourcecode.swift; path = TimelineVC.swift; sourceTree = "<group>"; };
		E7B22573221BBFD60094A1DB /* Post.swift */ = {isa = PBXFileReference; lastKnownFileType = sourcecode.swift; path = Post.swift; sourceTree = "<group>"; };
		E7B22575221BC02E0094A1DB /* User.swift */ = {isa = PBXFileReference; lastKnownFileType = sourcecode.swift; path = User.swift; sourceTree = "<group>"; };
		E7B22577221BC0590094A1DB /* Differentiator.framework */ = {isa = PBXFileReference; explicitFileType = wrapper.framework; path = Differentiator.framework; sourceTree = BUILT_PRODUCTS_DIR; };
		E7B22579221BC0590094A1DB /* FirebaseFirestore.framework */ = {isa = PBXFileReference; explicitFileType = wrapper.framework; path = FirebaseFirestore.framework; sourceTree = BUILT_PRODUCTS_DIR; };
		E7B2257B221BC0590094A1DB /* FirebaseStorage.framework */ = {isa = PBXFileReference; explicitFileType = wrapper.framework; path = FirebaseStorage.framework; sourceTree = BUILT_PRODUCTS_DIR; };
		E7B2257D221BC0590094A1DB /* grpc.framework */ = {isa = PBXFileReference; explicitFileType = wrapper.framework; path = grpc.framework; sourceTree = BUILT_PRODUCTS_DIR; };
		E7B2257F221BC0590094A1DB /* GRPCClient.framework */ = {isa = PBXFileReference; explicitFileType = wrapper.framework; path = GRPCClient.framework; sourceTree = BUILT_PRODUCTS_DIR; };
		E7B22581221BC0590094A1DB /* openssl_grpc.framework */ = {isa = PBXFileReference; explicitFileType = wrapper.framework; path = openssl_grpc.framework; sourceTree = BUILT_PRODUCTS_DIR; };
		E7B22583221BC0590094A1DB /* Pring.framework */ = {isa = PBXFileReference; explicitFileType = wrapper.framework; path = Pring.framework; sourceTree = BUILT_PRODUCTS_DIR; };
		E7B22585221BC0590094A1DB /* Protobuf.framework */ = {isa = PBXFileReference; explicitFileType = wrapper.framework; path = Protobuf.framework; sourceTree = BUILT_PRODUCTS_DIR; };
		E7B22587221BC0590094A1DB /* ProtoRPC.framework */ = {isa = PBXFileReference; explicitFileType = wrapper.framework; path = ProtoRPC.framework; sourceTree = BUILT_PRODUCTS_DIR; };
		E7B22589221BC0590094A1DB /* RxCocoa.framework */ = {isa = PBXFileReference; explicitFileType = wrapper.framework; path = RxCocoa.framework; sourceTree = BUILT_PRODUCTS_DIR; };
		E7B2258B221BC0590094A1DB /* RxDataSources.framework */ = {isa = PBXFileReference; explicitFileType = wrapper.framework; path = RxDataSources.framework; sourceTree = BUILT_PRODUCTS_DIR; };
		E7B2258D221BC0590094A1DB /* RxLibrary.framework */ = {isa = PBXFileReference; explicitFileType = wrapper.framework; path = RxLibrary.framework; sourceTree = BUILT_PRODUCTS_DIR; };
		E7B2258F221BC0590094A1DB /* RxSwift.framework */ = {isa = PBXFileReference; explicitFileType = wrapper.framework; path = RxSwift.framework; sourceTree = BUILT_PRODUCTS_DIR; };
		E7B22591221BD4AA0094A1DB /* PostViewCell.swift */ = {isa = PBXFileReference; lastKnownFileType = sourcecode.swift; path = PostViewCell.swift; sourceTree = "<group>"; };
		E7B22593221BD5140094A1DB /* PostViewCell.xib */ = {isa = PBXFileReference; lastKnownFileType = file.xib; path = PostViewCell.xib; sourceTree = "<group>"; };
		E7B22595221CD9780094A1DB /* AMScrollingNavbar.framework */ = {isa = PBXFileReference; explicitFileType = wrapper.framework; path = AMScrollingNavbar.framework; sourceTree = BUILT_PRODUCTS_DIR; };
		E7B22597221CE45C0094A1DB /* XLPagerTabStrip.framework */ = {isa = PBXFileReference; explicitFileType = wrapper.framework; path = XLPagerTabStrip.framework; sourceTree = BUILT_PRODUCTS_DIR; };
		E7B2259B221D06F20094A1DB /* HidingNavigationBar.framework */ = {isa = PBXFileReference; explicitFileType = wrapper.framework; path = HidingNavigationBar.framework; sourceTree = BUILT_PRODUCTS_DIR; };
		E7B2259D221D14370094A1DB /* SilentScrolly.framework */ = {isa = PBXFileReference; explicitFileType = wrapper.framework; path = SilentScrolly.framework; sourceTree = BUILT_PRODUCTS_DIR; };
		E7B2259F221D1BA30094A1DB /* Tab2.storyboard */ = {isa = PBXFileReference; lastKnownFileType = file.storyboard; path = Tab2.storyboard; sourceTree = "<group>"; };
		E7B225A1221D209D0094A1DB /* TransitionableTab.framework */ = {isa = PBXFileReference; explicitFileType = wrapper.framework; path = TransitionableTab.framework; sourceTree = BUILT_PRODUCTS_DIR; };
		E7B225A3221D20CF0094A1DB /* TabBarController.swift */ = {isa = PBXFileReference; lastKnownFileType = sourcecode.swift; path = TabBarController.swift; sourceTree = "<group>"; };
		E7B225A5221D26230094A1DB /* MMTabBarAnimation.framework */ = {isa = PBXFileReference; explicitFileType = wrapper.framework; path = MMTabBarAnimation.framework; sourceTree = BUILT_PRODUCTS_DIR; };
		E7B225A7221D29520094A1DB /* Post.storyboard */ = {isa = PBXFileReference; lastKnownFileType = file.storyboard; path = Post.storyboard; sourceTree = "<group>"; };
		E7B225A9221D2BA70094A1DB /* MapVC.swift */ = {isa = PBXFileReference; lastKnownFileType = sourcecode.swift; path = MapVC.swift; sourceTree = "<group>"; };
		E7B225AB221D4C880094A1DB /* UIView_MGBadgeView.framework */ = {isa = PBXFileReference; explicitFileType = wrapper.framework; path = UIView_MGBadgeView.framework; sourceTree = BUILT_PRODUCTS_DIR; };
		E7B225AD221D6B490094A1DB /* CustomAnnotation.swift */ = {isa = PBXFileReference; lastKnownFileType = sourcecode.swift; path = CustomAnnotation.swift; sourceTree = "<group>"; };
		E7B225AF221D81B80094A1DB /* YPImagePicker.framework */ = {isa = PBXFileReference; explicitFileType = wrapper.framework; path = YPImagePicker.framework; sourceTree = BUILT_PRODUCTS_DIR; };
		E7B5E5CF21BE628A00E15781 /* GoogleService-Info.plist */ = {isa = PBXFileReference; fileEncoding = 4; lastKnownFileType = text.plist.xml; path = "GoogleService-Info.plist"; sourceTree = "<group>"; };
		E7B5E5DF21C7E2BD00E15781 /* GoogleToolboxForMac.framework */ = {isa = PBXFileReference; explicitFileType = wrapper.framework; path = GoogleToolboxForMac.framework; sourceTree = BUILT_PRODUCTS_DIR; };
		E7B5E5E121C7E2BD00E15781 /* GTMSessionFetcher.framework */ = {isa = PBXFileReference; explicitFileType = wrapper.framework; path = GTMSessionFetcher.framework; sourceTree = BUILT_PRODUCTS_DIR; };
		E7B5E5E321C7E2BD00E15781 /* IBAnimatable.framework */ = {isa = PBXFileReference; explicitFileType = wrapper.framework; path = IBAnimatable.framework; sourceTree = BUILT_PRODUCTS_DIR; };
		E7B5E5E521C7E2BD00E15781 /* IQKeyboardManagerSwift.framework */ = {isa = PBXFileReference; explicitFileType = wrapper.framework; path = IQKeyboardManagerSwift.framework; sourceTree = BUILT_PRODUCTS_DIR; };
		E7B5E5E721C7E2BD00E15781 /* leveldb.framework */ = {isa = PBXFileReference; explicitFileType = wrapper.framework; path = leveldb.framework; sourceTree = BUILT_PRODUCTS_DIR; };
		E7B5E5E921C7E2BD00E15781 /* Material.framework */ = {isa = PBXFileReference; explicitFileType = wrapper.framework; path = Material.framework; sourceTree = BUILT_PRODUCTS_DIR; };
		E7B5E5EB21C7E2BD00E15781 /* Motion.framework */ = {isa = PBXFileReference; explicitFileType = wrapper.framework; path = Motion.framework; sourceTree = BUILT_PRODUCTS_DIR; };
		E7B5E5ED21C7E2BD00E15781 /* nanopb.framework */ = {isa = PBXFileReference; explicitFileType = wrapper.framework; path = nanopb.framework; sourceTree = BUILT_PRODUCTS_DIR; };
/* End PBXFileReference section */

/* Begin PBXFrameworksBuildPhase section */
		E787AEFA20C01D2C0096796A /* Frameworks */ = {
			isa = PBXFrameworksBuildPhase;
			buildActionMask = 2147483647;
			files = (
				E7B225B0221D81B80094A1DB /* YPImagePicker.framework in Frameworks */,
				E7B225AC221D4C880094A1DB /* UIView_MGBadgeView.framework in Frameworks */,
				E787AF1820C021D50096796A /* MapKit.framework in Frameworks */,
				E7B2259E221D14370094A1DB /* SilentScrolly.framework in Frameworks */,
				E7B22578221BC0590094A1DB /* Differentiator.framework in Frameworks */,
				E7B2257A221BC0590094A1DB /* FirebaseFirestore.framework in Frameworks */,
				E7B2257C221BC0590094A1DB /* FirebaseStorage.framework in Frameworks */,
				E7B22582221BC0590094A1DB /* openssl_grpc.framework in Frameworks */,
				E7B22584221BC0590094A1DB /* Pring.framework in Frameworks */,
				E7B22586221BC0590094A1DB /* Protobuf.framework in Frameworks */,
				E7B2258A221BC0590094A1DB /* RxCocoa.framework in Frameworks */,
				E7B2258C221BC0590094A1DB /* RxDataSources.framework in Frameworks */,
				E7B22590221BC0590094A1DB /* RxSwift.framework in Frameworks */,
				E75CD58221CE726F00438BAA /* TextFieldEffects.framework in Frameworks */,
				E7B5E5E221C7E2BD00E15781 /* GTMSessionFetcher.framework in Frameworks */,
				E7B5E5E621C7E2BD00E15781 /* IQKeyboardManagerSwift.framework in Frameworks */,
				E7B5E5E821C7E2BD00E15781 /* leveldb.framework in Frameworks */,
				E7B5E5EA21C7E2BD00E15781 /* Material.framework in Frameworks */,
				E7B5E5EC21C7E2BD00E15781 /* Motion.framework in Frameworks */,
				E7B5E5EE21C7E2BD00E15781 /* nanopb.framework in Frameworks */,
				81ADB94120C145E4002B0E1F /* FirebaseAuth.framework in Frameworks */,
				81ADB93620C13A71002B0E1F /* FirebaseCore.framework in Frameworks */,
				A7DABECBE226F2AA0A54CAA0 /* Pods_Pachi.framework in Frameworks */,
			);
			runOnlyForDeploymentPostprocessing = 0;
		};
/* End PBXFrameworksBuildPhase section */

/* Begin PBXGroup section */
		1E0693C85F0FA1C9BD1EBD70 /* Pods */ = {
			isa = PBXGroup;
			children = (
				8A0984792F9E1AC735AE77BC /* Pods-Pachi.debug.xcconfig */,
				C898F9CC091335E5E9CB7F8A /* Pods-Pachi.release.xcconfig */,
			);
			name = Pods;
			sourceTree = "<group>";
		};
		81ADB93920C13BD8002B0E1F /* Controller */ = {
			isa = PBXGroup;
			children = (
				81ADB93E20C13F97002B0E1F /* FirstViewController.swift */,
				E7B22570221BBABE0094A1DB /* TimelineVC.swift */,
				E7B225A3221D20CF0094A1DB /* TabBarController.swift */,
				E7B225A9221D2BA70094A1DB /* MapVC.swift */,
			);
			path = Controller;
			sourceTree = "<group>";
		};
		E787AEF420C01D2C0096796A = {
			isa = PBXGroup;
			children = (
				E787AEFF20C01D2C0096796A /* Pachi */,
				E787AEFE20C01D2C0096796A /* Products */,
				E787AF1620C021D50096796A /* Frameworks */,
				1E0693C85F0FA1C9BD1EBD70 /* Pods */,
			);
			sourceTree = "<group>";
		};
		E787AEFE20C01D2C0096796A /* Products */ = {
			isa = PBXGroup;
			children = (
				E787AEFD20C01D2C0096796A /* Pachi.app */,
			);
			name = Products;
			sourceTree = "<group>";
		};
		E787AEFF20C01D2C0096796A /* Pachi */ = {
			isa = PBXGroup;
			children = (
				E7B22572221BBFA30094A1DB /* Model */,
				81ADB93920C13BD8002B0E1F /* Controller */,
				E787AF0020C01D2C0096796A /* AppDelegate.swift */,
				E787AF0420C01D2C0096796A /* Main.storyboard */,
				E75CD57F21CDD4EA00438BAA /* Tab1.storyboard */,
				E7B225A7221D29520094A1DB /* Post.storyboard */,
				E7B2259F221D1BA30094A1DB /* Tab2.storyboard */,
				E787AF0720C01D2D0096796A /* Assets.xcassets */,
				E787AF0C20C01D2D0096796A /* Info.plist */,
				E7B5E5CF21BE628A00E15781 /* GoogleService-Info.plist */,
				E7B22591221BD4AA0094A1DB /* PostViewCell.swift */,
				E7B22593221BD5140094A1DB /* PostViewCell.xib */,
				E7B225AD221D6B490094A1DB /* CustomAnnotation.swift */,
			);
			path = Pachi;
			sourceTree = "<group>";
		};
		E787AF1620C021D50096796A /* Frameworks */ = {
			isa = PBXGroup;
			children = (
				E7B225AF221D81B80094A1DB /* YPImagePicker.framework */,
				E7B225AB221D4C880094A1DB /* UIView_MGBadgeView.framework */,
				E7B225A5221D26230094A1DB /* MMTabBarAnimation.framework */,
				E7B225A1221D209D0094A1DB /* TransitionableTab.framework */,
				E7B2259D221D14370094A1DB /* SilentScrolly.framework */,
				E7B2259B221D06F20094A1DB /* HidingNavigationBar.framework */,
				E7B22597221CE45C0094A1DB /* XLPagerTabStrip.framework */,
				E7B22595221CD9780094A1DB /* AMScrollingNavbar.framework */,
				E7B22577221BC0590094A1DB /* Differentiator.framework */,
				E7B22579221BC0590094A1DB /* FirebaseFirestore.framework */,
				E7B2257B221BC0590094A1DB /* FirebaseStorage.framework */,
				E7B2257D221BC0590094A1DB /* grpc.framework */,
				E7B2257F221BC0590094A1DB /* GRPCClient.framework */,
				E7B22581221BC0590094A1DB /* openssl_grpc.framework */,
				E7B22583221BC0590094A1DB /* Pring.framework */,
				E7B22585221BC0590094A1DB /* Protobuf.framework */,
				E7B22587221BC0590094A1DB /* ProtoRPC.framework */,
				E7B22589221BC0590094A1DB /* RxCocoa.framework */,
				E7B2258B221BC0590094A1DB /* RxDataSources.framework */,
				E7B2258D221BC0590094A1DB /* RxLibrary.framework */,
				E7B2258F221BC0590094A1DB /* RxSwift.framework */,
				E75CD58121CE726F00438BAA /* TextFieldEffects.framework */,
				E7B5E5DF21C7E2BD00E15781 /* GoogleToolboxForMac.framework */,
				E7B5E5E121C7E2BD00E15781 /* GTMSessionFetcher.framework */,
				E7B5E5E321C7E2BD00E15781 /* IBAnimatable.framework */,
				E7B5E5E521C7E2BD00E15781 /* IQKeyboardManagerSwift.framework */,
				E7B5E5E721C7E2BD00E15781 /* leveldb.framework */,
				E7B5E5E921C7E2BD00E15781 /* Material.framework */,
				E7B5E5EB21C7E2BD00E15781 /* Motion.framework */,
				E7B5E5ED21C7E2BD00E15781 /* nanopb.framework */,
				81ADB94220C14DE7002B0E1F /* FirebaseDatabase.framework */,
				81ADB94020C145E4002B0E1F /* FirebaseAuth.framework */,
				81ADB93520C13A71002B0E1F /* FirebaseCore.framework */,
				E787AF1720C021D50096796A /* MapKit.framework */,
				E51025E756D547E5BC23DA3B /* Pods_Pachi.framework */,
			);
			name = Frameworks;
			sourceTree = "<group>";
		};
		E7B22572221BBFA30094A1DB /* Model */ = {
			isa = PBXGroup;
			children = (
				E7B22573221BBFD60094A1DB /* Post.swift */,
				E7B22575221BC02E0094A1DB /* User.swift */,
			);
			path = Model;
			sourceTree = "<group>";
		};
/* End PBXGroup section */

/* Begin PBXNativeTarget section */
		E787AEFC20C01D2C0096796A /* Pachi */ = {
			isa = PBXNativeTarget;
			buildConfigurationList = E787AF0F20C01D2D0096796A /* Build configuration list for PBXNativeTarget "Pachi" */;
			buildPhases = (
				84861B8F91AE87B8BDC69676 /* [CP] Check Pods Manifest.lock */,
				E787AEF920C01D2C0096796A /* Sources */,
				E787AEFA20C01D2C0096796A /* Frameworks */,
				E787AEFB20C01D2C0096796A /* Resources */,
				9D0704D5A49375761F6B41D1 /* [CP] Embed Pods Frameworks */,
			);
			buildRules = (
			);
			dependencies = (
			);
			name = Pachi;
			productName = Pachi;
			productReference = E787AEFD20C01D2C0096796A /* Pachi.app */;
			productType = "com.apple.product-type.application";
		};
/* End PBXNativeTarget section */

/* Begin PBXProject section */
		E787AEF520C01D2C0096796A /* Project object */ = {
			isa = PBXProject;
			attributes = {
				LastSwiftUpdateCheck = 0930;
				LastUpgradeCheck = 0930;
				ORGANIZATIONNAME = "Takafumi Ogaito";
				TargetAttributes = {
					E787AEFC20C01D2C0096796A = {
						CreatedOnToolsVersion = 9.3.1;
						LastSwiftMigration = 0940;
					};
				};
			};
			buildConfigurationList = E787AEF820C01D2C0096796A /* Build configuration list for PBXProject "Pachi" */;
			compatibilityVersion = "Xcode 9.3";
			developmentRegion = en;
			hasScannedForEncodings = 0;
			knownRegions = (
				en,
				Base,
			);
			mainGroup = E787AEF420C01D2C0096796A;
			productRefGroup = E787AEFE20C01D2C0096796A /* Products */;
			projectDirPath = "";
			projectRoot = "";
			targets = (
				E787AEFC20C01D2C0096796A /* Pachi */,
			);
		};
/* End PBXProject section */

/* Begin PBXResourcesBuildPhase section */
		E787AEFB20C01D2C0096796A /* Resources */ = {
			isa = PBXResourcesBuildPhase;
			buildActionMask = 2147483647;
			files = (
				E787AF0820C01D2D0096796A /* Assets.xcassets in Resources */,
				E787AF0620C01D2C0096796A /* Main.storyboard in Resources */,
				E75CD58021CDD4EA00438BAA /* Tab1.storyboard in Resources */,
				E7B225A0221D1BA30094A1DB /* Tab2.storyboard in Resources */,
				E7B22594221BD5140094A1DB /* PostViewCell.xib in Resources */,
				E7B225A8221D29520094A1DB /* Post.storyboard in Resources */,
				E7B5E5D021BE628A00E15781 /* GoogleService-Info.plist in Resources */,
			);
			runOnlyForDeploymentPostprocessing = 0;
		};
/* End PBXResourcesBuildPhase section */

/* Begin PBXShellScriptBuildPhase section */
		84861B8F91AE87B8BDC69676 /* [CP] Check Pods Manifest.lock */ = {
			isa = PBXShellScriptBuildPhase;
			buildActionMask = 2147483647;
			files = (
			);
			inputPaths = (
				"${PODS_PODFILE_DIR_PATH}/Podfile.lock",
				"${PODS_ROOT}/Manifest.lock",
			);
			name = "[CP] Check Pods Manifest.lock";
			outputPaths = (
				"$(DERIVED_FILE_DIR)/Pods-Pachi-checkManifestLockResult.txt",
			);
			runOnlyForDeploymentPostprocessing = 0;
			shellPath = /bin/sh;
			shellScript = "diff \"${PODS_PODFILE_DIR_PATH}/Podfile.lock\" \"${PODS_ROOT}/Manifest.lock\" > /dev/null\nif [ $? != 0 ] ; then\n    # print error to STDERR\n    echo \"error: The sandbox is not in sync with the Podfile.lock. Run 'pod install' or update your CocoaPods installation.\" >&2\n    exit 1\nfi\n# This output is used by Xcode 'outputs' to avoid re-running this script phase.\necho \"SUCCESS\" > \"${SCRIPT_OUTPUT_FILE_0}\"\n";
			showEnvVarsInLog = 0;
		};
		9D0704D5A49375761F6B41D1 /* [CP] Embed Pods Frameworks */ = {
			isa = PBXShellScriptBuildPhase;
			buildActionMask = 2147483647;
			files = (
			);
			inputPaths = (
				"${PODS_ROOT}/Target Support Files/Pods-Pachi/Pods-Pachi-frameworks.sh",
				"${BUILT_PRODUCTS_DIR}/BoringSSL-GRPC/openssl_grpc.framework",
				"${BUILT_PRODUCTS_DIR}/Differentiator/Differentiator.framework",
				"${BUILT_PRODUCTS_DIR}/GTMSessionFetcher/GTMSessionFetcher.framework",
				"${BUILT_PRODUCTS_DIR}/GoogleUtilities/GoogleUtilities.framework",
				"${BUILT_PRODUCTS_DIR}/IQKeyboardManagerSwift/IQKeyboardManagerSwift.framework",
				"${BUILT_PRODUCTS_DIR}/Material/Material.framework",
				"${BUILT_PRODUCTS_DIR}/Motion/Motion.framework",
				"${BUILT_PRODUCTS_DIR}/Protobuf/Protobuf.framework",
				"${BUILT_PRODUCTS_DIR}/PryntTrimmerView/PryntTrimmerView.framework",
				"${BUILT_PRODUCTS_DIR}/RxCocoa/RxCocoa.framework",
				"${BUILT_PRODUCTS_DIR}/RxDataSources/RxDataSources.framework",
				"${BUILT_PRODUCTS_DIR}/RxSwift/RxSwift.framework",
				"${BUILT_PRODUCTS_DIR}/SilentScrolly/SilentScrolly.framework",
				"${BUILT_PRODUCTS_DIR}/SteviaLayout/Stevia.framework",
				"${BUILT_PRODUCTS_DIR}/TextFieldEffects/TextFieldEffects.framework",
				"${BUILT_PRODUCTS_DIR}/UIView+MGBadgeView/UIView_MGBadgeView.framework",
				"${BUILT_PRODUCTS_DIR}/YPImagePicker/YPImagePicker.framework",
				"${BUILT_PRODUCTS_DIR}/gRPC-C++/grpcpp.framework",
				"${BUILT_PRODUCTS_DIR}/gRPC-Core/grpc.framework",
				"${BUILT_PRODUCTS_DIR}/leveldb-library/leveldb.framework",
				"${BUILT_PRODUCTS_DIR}/nanopb/nanopb.framework",
			);
			name = "[CP] Embed Pods Frameworks";
			outputPaths = (
				"${TARGET_BUILD_DIR}/${FRAMEWORKS_FOLDER_PATH}/openssl_grpc.framework",
				"${TARGET_BUILD_DIR}/${FRAMEWORKS_FOLDER_PATH}/Differentiator.framework",
				"${TARGET_BUILD_DIR}/${FRAMEWORKS_FOLDER_PATH}/GTMSessionFetcher.framework",
				"${TARGET_BUILD_DIR}/${FRAMEWORKS_FOLDER_PATH}/GoogleUtilities.framework",
				"${TARGET_BUILD_DIR}/${FRAMEWORKS_FOLDER_PATH}/IQKeyboardManagerSwift.framework",
				"${TARGET_BUILD_DIR}/${FRAMEWORKS_FOLDER_PATH}/Material.framework",
				"${TARGET_BUILD_DIR}/${FRAMEWORKS_FOLDER_PATH}/Motion.framework",
				"${TARGET_BUILD_DIR}/${FRAMEWORKS_FOLDER_PATH}/Protobuf.framework",
				"${TARGET_BUILD_DIR}/${FRAMEWORKS_FOLDER_PATH}/PryntTrimmerView.framework",
				"${TARGET_BUILD_DIR}/${FRAMEWORKS_FOLDER_PATH}/RxCocoa.framework",
				"${TARGET_BUILD_DIR}/${FRAMEWORKS_FOLDER_PATH}/RxDataSources.framework",
				"${TARGET_BUILD_DIR}/${FRAMEWORKS_FOLDER_PATH}/RxSwift.framework",
				"${TARGET_BUILD_DIR}/${FRAMEWORKS_FOLDER_PATH}/SilentScrolly.framework",
				"${TARGET_BUILD_DIR}/${FRAMEWORKS_FOLDER_PATH}/Stevia.framework",
				"${TARGET_BUILD_DIR}/${FRAMEWORKS_FOLDER_PATH}/TextFieldEffects.framework",
				"${TARGET_BUILD_DIR}/${FRAMEWORKS_FOLDER_PATH}/UIView_MGBadgeView.framework",
				"${TARGET_BUILD_DIR}/${FRAMEWORKS_FOLDER_PATH}/YPImagePicker.framework",
				"${TARGET_BUILD_DIR}/${FRAMEWORKS_FOLDER_PATH}/grpcpp.framework",
				"${TARGET_BUILD_DIR}/${FRAMEWORKS_FOLDER_PATH}/grpc.framework",
				"${TARGET_BUILD_DIR}/${FRAMEWORKS_FOLDER_PATH}/leveldb.framework",
				"${TARGET_BUILD_DIR}/${FRAMEWORKS_FOLDER_PATH}/nanopb.framework",
			);
			runOnlyForDeploymentPostprocessing = 0;
			shellPath = /bin/sh;
			shellScript = "\"${PODS_ROOT}/Target Support Files/Pods-Pachi/Pods-Pachi-frameworks.sh\"\n";
			showEnvVarsInLog = 0;
		};
/* End PBXShellScriptBuildPhase section */

/* Begin PBXSourcesBuildPhase section */
		E787AEF920C01D2C0096796A /* Sources */ = {
			isa = PBXSourcesBuildPhase;
			buildActionMask = 2147483647;
			files = (
				E7B225A4221D20CF0094A1DB /* TabBarController.swift in Sources */,
				E7B22592221BD4AA0094A1DB /* PostViewCell.swift in Sources */,
				E7B225AE221D6B490094A1DB /* CustomAnnotation.swift in Sources */,
				81ADB93F20C13F97002B0E1F /* FirstViewController.swift in Sources */,
				E787AF0120C01D2C0096796A /* AppDelegate.swift in Sources */,
				E7B22571221BBABE0094A1DB /* TimelineVC.swift in Sources */,
				E7B225AA221D2BA70094A1DB /* MapVC.swift in Sources */,
				E7B22576221BC02E0094A1DB /* User.swift in Sources */,
				E7B22574221BBFD60094A1DB /* Post.swift in Sources */,
			);
			runOnlyForDeploymentPostprocessing = 0;
		};
/* End PBXSourcesBuildPhase section */

/* Begin PBXVariantGroup section */
		E787AF0420C01D2C0096796A /* Main.storyboard */ = {
			isa = PBXVariantGroup;
			children = (
				E787AF0520C01D2C0096796A /* Base */,
			);
			name = Main.storyboard;
			sourceTree = "<group>";
		};
/* End PBXVariantGroup section */

/* Begin XCBuildConfiguration section */
		E787AF0D20C01D2D0096796A /* Debug */ = {
			isa = XCBuildConfiguration;
			buildSettings = {
				ALWAYS_SEARCH_USER_PATHS = NO;
				CLANG_ANALYZER_NONNULL = YES;
				CLANG_ANALYZER_NUMBER_OBJECT_CONVERSION = YES_AGGRESSIVE;
				CLANG_CXX_LANGUAGE_STANDARD = "gnu++14";
				CLANG_CXX_LIBRARY = "libc++";
				CLANG_ENABLE_MODULES = YES;
				CLANG_ENABLE_OBJC_ARC = YES;
				CLANG_ENABLE_OBJC_WEAK = YES;
				CLANG_WARN_BLOCK_CAPTURE_AUTORELEASING = YES;
				CLANG_WARN_BOOL_CONVERSION = YES;
				CLANG_WARN_COMMA = YES;
				CLANG_WARN_CONSTANT_CONVERSION = YES;
				CLANG_WARN_DEPRECATED_OBJC_IMPLEMENTATIONS = YES;
				CLANG_WARN_DIRECT_OBJC_ISA_USAGE = YES_ERROR;
				CLANG_WARN_DOCUMENTATION_COMMENTS = YES;
				CLANG_WARN_EMPTY_BODY = YES;
				CLANG_WARN_ENUM_CONVERSION = YES;
				CLANG_WARN_INFINITE_RECURSION = YES;
				CLANG_WARN_INT_CONVERSION = YES;
				CLANG_WARN_NON_LITERAL_NULL_CONVERSION = YES;
				CLANG_WARN_OBJC_IMPLICIT_RETAIN_SELF = YES;
				CLANG_WARN_OBJC_LITERAL_CONVERSION = YES;
				CLANG_WARN_OBJC_ROOT_CLASS = YES_ERROR;
				CLANG_WARN_RANGE_LOOP_ANALYSIS = YES;
				CLANG_WARN_STRICT_PROTOTYPES = YES;
				CLANG_WARN_SUSPICIOUS_MOVE = YES;
				CLANG_WARN_UNGUARDED_AVAILABILITY = YES_AGGRESSIVE;
				CLANG_WARN_UNREACHABLE_CODE = YES;
				CLANG_WARN__DUPLICATE_METHOD_MATCH = YES;
				CODE_SIGN_IDENTITY = "iPhone Developer";
				COPY_PHASE_STRIP = NO;
				DEBUG_INFORMATION_FORMAT = dwarf;
				ENABLE_STRICT_OBJC_MSGSEND = YES;
				ENABLE_TESTABILITY = YES;
				GCC_C_LANGUAGE_STANDARD = gnu11;
				GCC_DYNAMIC_NO_PIC = NO;
				GCC_NO_COMMON_BLOCKS = YES;
				GCC_OPTIMIZATION_LEVEL = 0;
				GCC_PREPROCESSOR_DEFINITIONS = (
					"DEBUG=1",
					"$(inherited)",
				);
				GCC_WARN_64_TO_32_BIT_CONVERSION = YES;
				GCC_WARN_ABOUT_RETURN_TYPE = YES_ERROR;
				GCC_WARN_UNDECLARED_SELECTOR = YES;
				GCC_WARN_UNINITIALIZED_AUTOS = YES_AGGRESSIVE;
				GCC_WARN_UNUSED_FUNCTION = YES;
				GCC_WARN_UNUSED_VARIABLE = YES;
				IPHONEOS_DEPLOYMENT_TARGET = 11.3;
				MTL_ENABLE_DEBUG_INFO = YES;
				ONLY_ACTIVE_ARCH = YES;
				SDKROOT = iphoneos;
				SWIFT_ACTIVE_COMPILATION_CONDITIONS = DEBUG;
				SWIFT_OPTIMIZATION_LEVEL = "-Onone";
			};
			name = Debug;
		};
		E787AF0E20C01D2D0096796A /* Release */ = {
			isa = XCBuildConfiguration;
			buildSettings = {
				ALWAYS_SEARCH_USER_PATHS = NO;
				CLANG_ANALYZER_NONNULL = YES;
				CLANG_ANALYZER_NUMBER_OBJECT_CONVERSION = YES_AGGRESSIVE;
				CLANG_CXX_LANGUAGE_STANDARD = "gnu++14";
				CLANG_CXX_LIBRARY = "libc++";
				CLANG_ENABLE_MODULES = YES;
				CLANG_ENABLE_OBJC_ARC = YES;
				CLANG_ENABLE_OBJC_WEAK = YES;
				CLANG_WARN_BLOCK_CAPTURE_AUTORELEASING = YES;
				CLANG_WARN_BOOL_CONVERSION = YES;
				CLANG_WARN_COMMA = YES;
				CLANG_WARN_CONSTANT_CONVERSION = YES;
				CLANG_WARN_DEPRECATED_OBJC_IMPLEMENTATIONS = YES;
				CLANG_WARN_DIRECT_OBJC_ISA_USAGE = YES_ERROR;
				CLANG_WARN_DOCUMENTATION_COMMENTS = YES;
				CLANG_WARN_EMPTY_BODY = YES;
				CLANG_WARN_ENUM_CONVERSION = YES;
				CLANG_WARN_INFINITE_RECURSION = YES;
				CLANG_WARN_INT_CONVERSION = YES;
				CLANG_WARN_NON_LITERAL_NULL_CONVERSION = YES;
				CLANG_WARN_OBJC_IMPLICIT_RETAIN_SELF = YES;
				CLANG_WARN_OBJC_LITERAL_CONVERSION = YES;
				CLANG_WARN_OBJC_ROOT_CLASS = YES_ERROR;
				CLANG_WARN_RANGE_LOOP_ANALYSIS = YES;
				CLANG_WARN_STRICT_PROTOTYPES = YES;
				CLANG_WARN_SUSPICIOUS_MOVE = YES;
				CLANG_WARN_UNGUARDED_AVAILABILITY = YES_AGGRESSIVE;
				CLANG_WARN_UNREACHABLE_CODE = YES;
				CLANG_WARN__DUPLICATE_METHOD_MATCH = YES;
				CODE_SIGN_IDENTITY = "iPhone Developer";
				COPY_PHASE_STRIP = NO;
				DEBUG_INFORMATION_FORMAT = "dwarf-with-dsym";
				ENABLE_NS_ASSERTIONS = NO;
				ENABLE_STRICT_OBJC_MSGSEND = YES;
				GCC_C_LANGUAGE_STANDARD = gnu11;
				GCC_NO_COMMON_BLOCKS = YES;
				GCC_WARN_64_TO_32_BIT_CONVERSION = YES;
				GCC_WARN_ABOUT_RETURN_TYPE = YES_ERROR;
				GCC_WARN_UNDECLARED_SELECTOR = YES;
				GCC_WARN_UNINITIALIZED_AUTOS = YES_AGGRESSIVE;
				GCC_WARN_UNUSED_FUNCTION = YES;
				GCC_WARN_UNUSED_VARIABLE = YES;
				IPHONEOS_DEPLOYMENT_TARGET = 11.3;
				MTL_ENABLE_DEBUG_INFO = NO;
				SDKROOT = iphoneos;
				SWIFT_COMPILATION_MODE = wholemodule;
				SWIFT_OPTIMIZATION_LEVEL = "-O";
				VALIDATE_PRODUCT = YES;
			};
			name = Release;
		};
		E787AF1020C01D2D0096796A /* Debug */ = {
			isa = XCBuildConfiguration;
			baseConfigurationReference = 8A0984792F9E1AC735AE77BC /* Pods-Pachi.debug.xcconfig */;
			buildSettings = {
				ASSETCATALOG_COMPILER_APPICON_NAME = AppIcon;
				CLANG_ENABLE_MODULES = YES;
				CODE_SIGN_STYLE = Automatic;
				DEVELOPMENT_TEAM = PCP7FZ8294;
				INFOPLIST_FILE = Pachi/Info.plist;
				LD_RUNPATH_SEARCH_PATHS = (
					"$(inherited)",
					"@executable_path/Frameworks",
				);
				PRODUCT_BUNDLE_IDENTIFIER = "com.icloud.go-aquarion0454.Pachibase";
				PRODUCT_NAME = "$(TARGET_NAME)";
				SWIFT_OBJC_BRIDGING_HEADER = "";
				SWIFT_OPTIMIZATION_LEVEL = "-Onone";
				SWIFT_VERSION = 4.0;
				TARGETED_DEVICE_FAMILY = "1,2";
			};
			name = Debug;
		};
		E787AF1120C01D2D0096796A /* Release */ = {
			isa = XCBuildConfiguration;
			baseConfigurationReference = C898F9CC091335E5E9CB7F8A /* Pods-Pachi.release.xcconfig */;
			buildSettings = {
				ASSETCATALOG_COMPILER_APPICON_NAME = AppIcon;
				CLANG_ENABLE_MODULES = YES;
				CODE_SIGN_STYLE = Automatic;
				DEVELOPMENT_TEAM = PCP7FZ8294;
				INFOPLIST_FILE = Pachi/Info.plist;
				LD_RUNPATH_SEARCH_PATHS = (
					"$(inherited)",
					"@executable_path/Frameworks",
				);
				PRODUCT_BUNDLE_IDENTIFIER = "com.icloud.go-aquarion0454.Pachibase";
				PRODUCT_NAME = "$(TARGET_NAME)";
				SWIFT_OBJC_BRIDGING_HEADER = "";
				SWIFT_VERSION = 4.0;
				TARGETED_DEVICE_FAMILY = "1,2";
			};
			name = Release;
		};
/* End XCBuildConfiguration section */

/* Begin XCConfigurationList section */
		E787AEF820C01D2C0096796A /* Build configuration list for PBXProject "Pachi" */ = {
			isa = XCConfigurationList;
			buildConfigurations = (
				E787AF0D20C01D2D0096796A /* Debug */,
				E787AF0E20C01D2D0096796A /* Release */,
			);
			defaultConfigurationIsVisible = 0;
			defaultConfigurationName = Release;
		};
		E787AF0F20C01D2D0096796A /* Build configuration list for PBXNativeTarget "Pachi" */ = {
			isa = XCConfigurationList;
			buildConfigurations = (
				E787AF1020C01D2D0096796A /* Debug */,
				E787AF1120C01D2D0096796A /* Release */,
			);
			defaultConfigurationIsVisible = 0;
			defaultConfigurationName = Release;
		};
/* End XCConfigurationList section */
	};
	rootObject = E787AEF520C01D2C0096796A /* Project object */;
}
